// !$*UTF8*$!
{
	archiveVersion = 1;
	classes = {
	};
	objectVersion = 56;
	objects = {

/* Begin PBXBuildFile section */
		E674D6A62C81423300F61FD2 /* QuizManager.swift in Sources */ = {isa = PBXBuildFile; fileRef = E674D6A52C81423300F61FD2 /* QuizManager.swift */; };
		E6A882442C7D4AED0027E0B7 /* AppDelegate.swift in Sources */ = {isa = PBXBuildFile; fileRef = E6A882432C7D4AED0027E0B7 /* AppDelegate.swift */; };
		E6A882462C7D4AED0027E0B7 /* SceneDelegate.swift in Sources */ = {isa = PBXBuildFile; fileRef = E6A882452C7D4AED0027E0B7 /* SceneDelegate.swift */; };
		E6A882482C7D4AED0027E0B7 /* ViewController.swift in Sources */ = {isa = PBXBuildFile; fileRef = E6A882472C7D4AED0027E0B7 /* ViewController.swift */; };
		E6A8824B2C7D4AED0027E0B7 /* Base in Resources */ = {isa = PBXBuildFile; fileRef = E6A8824A2C7D4AED0027E0B7 /* Base */; };
		E6A8824E2C7D4AED0027E0B7 /* MovieQuiz.xcdatamodeld in Sources */ = {isa = PBXBuildFile; fileRef = E6A8824C2C7D4AED0027E0B7 /* MovieQuiz.xcdatamodeld */; };
		E6A882502C7D4AEF0027E0B7 /* Assets.xcassets in Resources */ = {isa = PBXBuildFile; fileRef = E6A8824F2C7D4AEF0027E0B7 /* Assets.xcassets */; };
		E6A882532C7D4AEF0027E0B7 /* Base in Resources */ = {isa = PBXBuildFile; fileRef = E6A882522C7D4AEF0027E0B7 /* Base */; };
		E6A882892C7D4CCC0027E0B7 /* quote19.mp3 in Resources */ = {isa = PBXBuildFile; fileRef = E6A882632C7D4BB90027E0B7 /* quote19.mp3 */; };
		E6A8828A2C7D4CCC0027E0B7 /* quote20.mp3 in Resources */ = {isa = PBXBuildFile; fileRef = E6A882682C7D4BB90027E0B7 /* quote20.mp3 */; };
		E6A8828B2C7D4CCC0027E0B7 /* quote3.mp3 in Resources */ = {isa = PBXBuildFile; fileRef = E6A882662C7D4BB90027E0B7 /* quote3.mp3 */; };
		E6A8828C2C7D4CCC0027E0B7 /* quote15.mp3 in Resources */ = {isa = PBXBuildFile; fileRef = E6A882672C7D4BB90027E0B7 /* quote15.mp3 */; };
		E6A8828D2C7D4CCC0027E0B7 /* quote8.mp3 in Resources */ = {isa = PBXBuildFile; fileRef = E6A8826B2C7D4BB90027E0B7 /* quote8.mp3 */; };
		E6A8828E2C7D4CCC0027E0B7 /* quote9.mp3 in Resources */ = {isa = PBXBuildFile; fileRef = E6A882602C7D4BB90027E0B7 /* quote9.mp3 */; };
		E6A8828F2C7D4CCC0027E0B7 /* quote4.mp3 in Resources */ = {isa = PBXBuildFile; fileRef = E6A8826C2C7D4BB90027E0B7 /* quote4.mp3 */; };
		E6A882902C7D4CCC0027E0B7 /* quote11.mp3 in Resources */ = {isa = PBXBuildFile; fileRef = E6A882642C7D4BB90027E0B7 /* quote11.mp3 */; };
		E6A882912C7D4CCC0027E0B7 /* quote2.mp3 in Resources */ = {isa = PBXBuildFile; fileRef = E6A8826A2C7D4BB90027E0B7 /* quote2.mp3 */; };
		E6A882922C7D4CCC0027E0B7 /* quote7.mp3 in Resources */ = {isa = PBXBuildFile; fileRef = E6A882692C7D4BB90027E0B7 /* quote7.mp3 */; };
		E6A882932C7D4CCC0027E0B7 /* options.json in Resources */ = {isa = PBXBuildFile; fileRef = E6A882702C7D4BB90027E0B7 /* options.json */; };
		E6A882942C7D4CCC0027E0B7 /* quote1.mp3 in Resources */ = {isa = PBXBuildFile; fileRef = E6A8825D2C7D4BB90027E0B7 /* quote1.mp3 */; };
		E6A882952C7D4CCC0027E0B7 /* quote14.mp3 in Resources */ = {isa = PBXBuildFile; fileRef = E6A882612C7D4BB90027E0B7 /* quote14.mp3 */; };
		E6A882962C7D4CCC0027E0B7 /* quizes.json in Resources */ = {isa = PBXBuildFile; fileRef = E6A8825E2C7D4BB90027E0B7 /* quizes.json */; };
		E6A882972C7D4CCC0027E0B7 /* quote16.mp3 in Resources */ = {isa = PBXBuildFile; fileRef = E6A8826E2C7D4BB90027E0B7 /* quote16.mp3 */; };
		E6A882982C7D4CCC0027E0B7 /* quote12.mp3 in Resources */ = {isa = PBXBuildFile; fileRef = E6A882652C7D4BB90027E0B7 /* quote12.mp3 */; };
		E6A882992C7D4CCC0027E0B7 /* quote10.mp3 in Resources */ = {isa = PBXBuildFile; fileRef = E6A8825F2C7D4BB90027E0B7 /* quote10.mp3 */; };
		E6A8829A2C7D4CCC0027E0B7 /* quote18.mp3 in Resources */ = {isa = PBXBuildFile; fileRef = E6A8825A2C7D4BB70027E0B7 /* quote18.mp3 */; };
		E6A8829B2C7D4CCC0027E0B7 /* quote5.mp3 in Resources */ = {isa = PBXBuildFile; fileRef = E6A8826D2C7D4BB90027E0B7 /* quote5.mp3 */; };
		E6A8829C2C7D4CCC0027E0B7 /* MarchaImperial.mp3 in Resources */ = {isa = PBXBuildFile; fileRef = E6A8825B2C7D4BB90027E0B7 /* MarchaImperial.mp3 */; };
		E6A8829D2C7D4CCC0027E0B7 /* quote6.mp3 in Resources */ = {isa = PBXBuildFile; fileRef = E6A8826F2C7D4BB90027E0B7 /* quote6.mp3 */; };
		E6A8829E2C7D4CCC0027E0B7 /* quote17.mp3 in Resources */ = {isa = PBXBuildFile; fileRef = E6A882622C7D4BB90027E0B7 /* quote17.mp3 */; };
		E6A8829F2C7D4CCC0027E0B7 /* quote13.mp3 in Resources */ = {isa = PBXBuildFile; fileRef = E6A8825C2C7D4BB90027E0B7 /* quote13.mp3 */; };
		E6A882A12C7D56690027E0B7 /* GameOverViewController.swift in Sources */ = {isa = PBXBuildFile; fileRef = E6A882A02C7D56690027E0B7 /* GameOverViewController.swift */; };
/* End PBXBuildFile section */

/* Begin PBXFileReference section */
		E674D6A52C81423300F61FD2 /* QuizManager.swift */ = {isa = PBXFileReference; lastKnownFileType = sourcecode.swift; path = QuizManager.swift; sourceTree = "<group>"; };
		E6A882402C7D4AED0027E0B7 /* MovieQuiz.app */ = {isa = PBXFileReference; explicitFileType = wrapper.application; includeInIndex = 0; path = MovieQuiz.app; sourceTree = BUILT_PRODUCTS_DIR; };
		E6A882432C7D4AED0027E0B7 /* AppDelegate.swift */ = {isa = PBXFileReference; lastKnownFileType = sourcecode.swift; path = AppDelegate.swift; sourceTree = "<group>"; };
		E6A882452C7D4AED0027E0B7 /* SceneDelegate.swift */ = {isa = PBXFileReference; lastKnownFileType = sourcecode.swift; path = SceneDelegate.swift; sourceTree = "<group>"; };
		E6A882472C7D4AED0027E0B7 /* ViewController.swift */ = {isa = PBXFileReference; lastKnownFileType = sourcecode.swift; path = ViewController.swift; sourceTree = "<group>"; };
		E6A8824A2C7D4AED0027E0B7 /* Base */ = {isa = PBXFileReference; lastKnownFileType = file.storyboard; name = Base; path = Base.lproj/Main.storyboard; sourceTree = "<group>"; };
		E6A8824D2C7D4AED0027E0B7 /* MovieQuiz.xcdatamodel */ = {isa = PBXFileReference; lastKnownFileType = wrapper.xcdatamodel; path = MovieQuiz.xcdatamodel; sourceTree = "<group>"; };
		E6A8824F2C7D4AEF0027E0B7 /* Assets.xcassets */ = {isa = PBXFileReference; lastKnownFileType = folder.assetcatalog; path = Assets.xcassets; sourceTree = "<group>"; };
		E6A882522C7D4AEF0027E0B7 /* Base */ = {isa = PBXFileReference; lastKnownFileType = file.storyboard; name = Base; path = Base.lproj/LaunchScreen.storyboard; sourceTree = "<group>"; };
		E6A882542C7D4AEF0027E0B7 /* Info.plist */ = {isa = PBXFileReference; lastKnownFileType = text.plist.xml; path = Info.plist; sourceTree = "<group>"; };
		E6A8825A2C7D4BB70027E0B7 /* quote18.mp3 */ = {isa = PBXFileReference; lastKnownFileType = audio.mp3; name = quote18.mp3; path = ../quote18.mp3; sourceTree = "<group>"; };
		E6A8825B2C7D4BB90027E0B7 /* MarchaImperial.mp3 */ = {isa = PBXFileReference; lastKnownFileType = audio.mp3; name = MarchaImperial.mp3; path = ../MarchaImperial.mp3; sourceTree = "<group>"; };
		E6A8825C2C7D4BB90027E0B7 /* quote13.mp3 */ = {isa = PBXFileReference; lastKnownFileType = audio.mp3; name = quote13.mp3; path = ../quote13.mp3; sourceTree = "<group>"; };
		E6A8825D2C7D4BB90027E0B7 /* quote1.mp3 */ = {isa = PBXFileReference; lastKnownFileType = audio.mp3; name = quote1.mp3; path = ../quote1.mp3; sourceTree = "<group>"; };
		E6A8825E2C7D4BB90027E0B7 /* quizes.json */ = {isa = PBXFileReference; fileEncoding = 4; lastKnownFileType = text.json; name = quizes.json; path = ../quizes.json; sourceTree = "<group>"; };
		E6A8825F2C7D4BB90027E0B7 /* quote10.mp3 */ = {isa = PBXFileReference; lastKnownFileType = audio.mp3; name = quote10.mp3; path = ../quote10.mp3; sourceTree = "<group>"; };
		E6A882602C7D4BB90027E0B7 /* quote9.mp3 */ = {isa = PBXFileReference; lastKnownFileType = audio.mp3; name = quote9.mp3; path = ../quote9.mp3; sourceTree = "<group>"; };
		E6A882612C7D4BB90027E0B7 /* quote14.mp3 */ = {isa = PBXFileReference; lastKnownFileType = audio.mp3; name = quote14.mp3; path = ../quote14.mp3; sourceTree = "<group>"; };
		E6A882622C7D4BB90027E0B7 /* quote17.mp3 */ = {isa = PBXFileReference; lastKnownFileType = audio.mp3; name = quote17.mp3; path = ../quote17.mp3; sourceTree = "<group>"; };
		E6A882632C7D4BB90027E0B7 /* quote19.mp3 */ = {isa = PBXFileReference; lastKnownFileType = audio.mp3; name = quote19.mp3; path = ../quote19.mp3; sourceTree = "<group>"; };
		E6A882642C7D4BB90027E0B7 /* quote11.mp3 */ = {isa = PBXFileReference; lastKnownFileType = audio.mp3; name = quote11.mp3; path = ../quote11.mp3; sourceTree = "<group>"; };
		E6A882652C7D4BB90027E0B7 /* quote12.mp3 */ = {isa = PBXFileReference; lastKnownFileType = audio.mp3; name = quote12.mp3; path = ../quote12.mp3; sourceTree = "<group>"; };
		E6A882662C7D4BB90027E0B7 /* quote3.mp3 */ = {isa = PBXFileReference; lastKnownFileType = audio.mp3; name = quote3.mp3; path = ../quote3.mp3; sourceTree = "<group>"; };
		E6A882672C7D4BB90027E0B7 /* quote15.mp3 */ = {isa = PBXFileReference; lastKnownFileType = audio.mp3; name = quote15.mp3; path = ../quote15.mp3; sourceTree = "<group>"; };
		E6A882682C7D4BB90027E0B7 /* quote20.mp3 */ = {isa = PBXFileReference; lastKnownFileType = audio.mp3; name = quote20.mp3; path = ../quote20.mp3; sourceTree = "<group>"; };
		E6A882692C7D4BB90027E0B7 /* quote7.mp3 */ = {isa = PBXFileReference; lastKnownFileType = audio.mp3; name = quote7.mp3; path = ../quote7.mp3; sourceTree = "<group>"; };
		E6A8826A2C7D4BB90027E0B7 /* quote2.mp3 */ = {isa = PBXFileReference; lastKnownFileType = audio.mp3; name = quote2.mp3; path = ../quote2.mp3; sourceTree = "<group>"; };
		E6A8826B2C7D4BB90027E0B7 /* quote8.mp3 */ = {isa = PBXFileReference; lastKnownFileType = audio.mp3; name = quote8.mp3; path = ../quote8.mp3; sourceTree = "<group>"; };
		E6A8826C2C7D4BB90027E0B7 /* quote4.mp3 */ = {isa = PBXFileReference; lastKnownFileType = audio.mp3; name = quote4.mp3; path = ../quote4.mp3; sourceTree = "<group>"; };
		E6A8826D2C7D4BB90027E0B7 /* quote5.mp3 */ = {isa = PBXFileReference; lastKnownFileType = audio.mp3; name = quote5.mp3; path = ../quote5.mp3; sourceTree = "<group>"; };
		E6A8826E2C7D4BB90027E0B7 /* quote16.mp3 */ = {isa = PBXFileReference; lastKnownFileType = audio.mp3; name = quote16.mp3; path = ../quote16.mp3; sourceTree = "<group>"; };
		E6A8826F2C7D4BB90027E0B7 /* quote6.mp3 */ = {isa = PBXFileReference; lastKnownFileType = audio.mp3; name = quote6.mp3; path = ../quote6.mp3; sourceTree = "<group>"; };
		E6A882702C7D4BB90027E0B7 /* options.json */ = {isa = PBXFileReference; fileEncoding = 4; lastKnownFileType = text.json; name = options.json; path = ../options.json; sourceTree = "<group>"; };
		E6A882A02C7D56690027E0B7 /* GameOverViewController.swift */ = {isa = PBXFileReference; lastKnownFileType = sourcecode.swift; path = GameOverViewController.swift; sourceTree = "<group>"; };
/* End PBXFileReference section */

/* Begin PBXFrameworksBuildPhase section */
		E6A8823D2C7D4AED0027E0B7 /* Frameworks */ = {
			isa = PBXFrameworksBuildPhase;
			buildActionMask = 2147483647;
			files = (
			);
			runOnlyForDeploymentPostprocessing = 0;
		};
/* End PBXFrameworksBuildPhase section */

/* Begin PBXGroup section */
		E6A882372C7D4AED0027E0B7 = {
			isa = PBXGroup;
			children = (
				E6A882422C7D4AED0027E0B7 /* MovieQuiz */,
				E6A882412C7D4AED0027E0B7 /* Products */,
			);
			sourceTree = "<group>";
		};
		E6A882412C7D4AED0027E0B7 /* Products */ = {
			isa = PBXGroup;
			children = (
				E6A882402C7D4AED0027E0B7 /* MovieQuiz.app */,
			);
			name = Products;
			sourceTree = "<group>";
		};
		E6A882422C7D4AED0027E0B7 /* MovieQuiz */ = {
			isa = PBXGroup;
			children = (
				E6A882882C7D4C350027E0B7 /* Files */,
				E6A882432C7D4AED0027E0B7 /* AppDelegate.swift */,
				E6A882452C7D4AED0027E0B7 /* SceneDelegate.swift */,
				E6A882472C7D4AED0027E0B7 /* ViewController.swift */,
				E674D6A52C81423300F61FD2 /* QuizManager.swift */,
				E6A882492C7D4AED0027E0B7 /* Main.storyboard */,
				E6A882A02C7D56690027E0B7 /* GameOverViewController.swift */,
				E6A8824F2C7D4AEF0027E0B7 /* Assets.xcassets */,
				E6A882512C7D4AEF0027E0B7 /* LaunchScreen.storyboard */,
				E6A882542C7D4AEF0027E0B7 /* Info.plist */,
				E6A8824C2C7D4AED0027E0B7 /* MovieQuiz.xcdatamodeld */,
			);
			path = MovieQuiz;
			sourceTree = "<group>";
		};
		E6A882882C7D4C350027E0B7 /* Files */ = {
			isa = PBXGroup;
			children = (
				E6A8825B2C7D4BB90027E0B7 /* MarchaImperial.mp3 */,
				E6A882702C7D4BB90027E0B7 /* options.json */,
				E6A8825E2C7D4BB90027E0B7 /* quizes.json */,
				E6A8825D2C7D4BB90027E0B7 /* quote1.mp3 */,
				E6A8826A2C7D4BB90027E0B7 /* quote2.mp3 */,
				E6A882662C7D4BB90027E0B7 /* quote3.mp3 */,
				E6A8826C2C7D4BB90027E0B7 /* quote4.mp3 */,
				E6A8826D2C7D4BB90027E0B7 /* quote5.mp3 */,
				E6A8826F2C7D4BB90027E0B7 /* quote6.mp3 */,
				E6A882692C7D4BB90027E0B7 /* quote7.mp3 */,
				E6A8826B2C7D4BB90027E0B7 /* quote8.mp3 */,
				E6A882602C7D4BB90027E0B7 /* quote9.mp3 */,
				E6A8825F2C7D4BB90027E0B7 /* quote10.mp3 */,
				E6A882642C7D4BB90027E0B7 /* quote11.mp3 */,
				E6A882652C7D4BB90027E0B7 /* quote12.mp3 */,
				E6A8825C2C7D4BB90027E0B7 /* quote13.mp3 */,
				E6A882612C7D4BB90027E0B7 /* quote14.mp3 */,
				E6A882672C7D4BB90027E0B7 /* quote15.mp3 */,
				E6A8826E2C7D4BB90027E0B7 /* quote16.mp3 */,
				E6A882622C7D4BB90027E0B7 /* quote17.mp3 */,
				E6A8825A2C7D4BB70027E0B7 /* quote18.mp3 */,
				E6A882632C7D4BB90027E0B7 /* quote19.mp3 */,
				E6A882682C7D4BB90027E0B7 /* quote20.mp3 */,
			);
			path = Files;
			sourceTree = "<group>";
		};
/* End PBXGroup section */

/* Begin PBXNativeTarget section */
		E6A8823F2C7D4AED0027E0B7 /* MovieQuiz */ = {
			isa = PBXNativeTarget;
			buildConfigurationList = E6A882572C7D4AEF0027E0B7 /* Build configuration list for PBXNativeTarget "MovieQuiz" */;
			buildPhases = (
				E6A8823C2C7D4AED0027E0B7 /* Sources */,
				E6A8823D2C7D4AED0027E0B7 /* Frameworks */,
				E6A8823E2C7D4AED0027E0B7 /* Resources */,
			);
			buildRules = (
			);
			dependencies = (
			);
			name = MovieQuiz;
			productName = MovieQuiz;
			productReference = E6A882402C7D4AED0027E0B7 /* MovieQuiz.app */;
			productType = "com.apple.product-type.application";
		};
/* End PBXNativeTarget section */

/* Begin PBXProject section */
		E6A882382C7D4AED0027E0B7 /* Project object */ = {
			isa = PBXProject;
			attributes = {
				BuildIndependentTargetsInParallel = 1;
				LastSwiftUpdateCheck = 1540;
				LastUpgradeCheck = 1540;
				TargetAttributes = {
					E6A8823F2C7D4AED0027E0B7 = {
						CreatedOnToolsVersion = 15.4;
					};
				};
			};
			buildConfigurationList = E6A8823B2C7D4AED0027E0B7 /* Build configuration list for PBXProject "MovieQuiz" */;
			compatibilityVersion = "Xcode 14.0";
			developmentRegion = en;
			hasScannedForEncodings = 0;
			knownRegions = (
				en,
				Base,
			);
			mainGroup = E6A882372C7D4AED0027E0B7;
			productRefGroup = E6A882412C7D4AED0027E0B7 /* Products */;
			projectDirPath = "";
			projectRoot = "";
			targets = (
				E6A8823F2C7D4AED0027E0B7 /* MovieQuiz */,
			);
		};
/* End PBXProject section */

/* Begin PBXResourcesBuildPhase section */
		E6A8823E2C7D4AED0027E0B7 /* Resources */ = {
			isa = PBXResourcesBuildPhase;
			buildActionMask = 2147483647;
			files = (
				E6A882892C7D4CCC0027E0B7 /* quote19.mp3 in Resources */,
				E6A8828A2C7D4CCC0027E0B7 /* quote20.mp3 in Resources */,
				E6A8828B2C7D4CCC0027E0B7 /* quote3.mp3 in Resources */,
				E6A8828C2C7D4CCC0027E0B7 /* quote15.mp3 in Resources */,
				E6A8828D2C7D4CCC0027E0B7 /* quote8.mp3 in Resources */,
				E6A8828E2C7D4CCC0027E0B7 /* quote9.mp3 in Resources */,
				E6A8828F2C7D4CCC0027E0B7 /* quote4.mp3 in Resources */,
				E6A882902C7D4CCC0027E0B7 /* quote11.mp3 in Resources */,
				E6A882912C7D4CCC0027E0B7 /* quote2.mp3 in Resources */,
				E6A882922C7D4CCC0027E0B7 /* quote7.mp3 in Resources */,
				E6A882932C7D4CCC0027E0B7 /* options.json in Resources */,
				E6A882942C7D4CCC0027E0B7 /* quote1.mp3 in Resources */,
				E6A882952C7D4CCC0027E0B7 /* quote14.mp3 in Resources */,
				E6A882962C7D4CCC0027E0B7 /* quizes.json in Resources */,
				E6A882972C7D4CCC0027E0B7 /* quote16.mp3 in Resources */,
				E6A882982C7D4CCC0027E0B7 /* quote12.mp3 in Resources */,
				E6A882992C7D4CCC0027E0B7 /* quote10.mp3 in Resources */,
				E6A8829A2C7D4CCC0027E0B7 /* quote18.mp3 in Resources */,
				E6A8829B2C7D4CCC0027E0B7 /* quote5.mp3 in Resources */,
				E6A8829C2C7D4CCC0027E0B7 /* MarchaImperial.mp3 in Resources */,
				E6A8829D2C7D4CCC0027E0B7 /* quote6.mp3 in Resources */,
				E6A8829E2C7D4CCC0027E0B7 /* quote17.mp3 in Resources */,
				E6A8829F2C7D4CCC0027E0B7 /* quote13.mp3 in Resources */,
				E6A882502C7D4AEF0027E0B7 /* Assets.xcassets in Resources */,
				E6A882532C7D4AEF0027E0B7 /* Base in Resources */,
				E6A8824B2C7D4AED0027E0B7 /* Base in Resources */,
			);
			runOnlyForDeploymentPostprocessing = 0;
		};
/* End PBXResourcesBuildPhase section */

/* Begin PBXSourcesBuildPhase section */
		E6A8823C2C7D4AED0027E0B7 /* Sources */ = {
			isa = PBXSourcesBuildPhase;
			buildActionMask = 2147483647;
			files = (
				E6A882482C7D4AED0027E0B7 /* ViewController.swift in Sources */,
				E6A882442C7D4AED0027E0B7 /* AppDelegate.swift in Sources */,
				E6A882462C7D4AED0027E0B7 /* SceneDelegate.swift in Sources */,
				E6A8824E2C7D4AED0027E0B7 /* MovieQuiz.xcdatamodeld in Sources */,
				E674D6A62C81423300F61FD2 /* QuizManager.swift in Sources */,
				E6A882A12C7D56690027E0B7 /* GameOverViewController.swift in Sources */,
			);
			runOnlyForDeploymentPostprocessing = 0;
		};
/* End PBXSourcesBuildPhase section */

/* Begin PBXVariantGroup section */
		E6A882492C7D4AED0027E0B7 /* Main.storyboard */ = {
			isa = PBXVariantGroup;
			children = (
				E6A8824A2C7D4AED0027E0B7 /* Base */,
			);
			name = Main.storyboard;
			sourceTree = "<group>";
		};
		E6A882512C7D4AEF0027E0B7 /* LaunchScreen.storyboard */ = {
			isa = PBXVariantGroup;
			children = (
				E6A882522C7D4AEF0027E0B7 /* Base */,
			);
			name = LaunchScreen.storyboard;
			sourceTree = "<group>";
		};
/* End PBXVariantGroup section */

/* Begin XCBuildConfiguration section */
		E6A882552C7D4AEF0027E0B7 /* Debug */ = {
			isa = XCBuildConfiguration;
			buildSettings = {
				ALWAYS_SEARCH_USER_PATHS = NO;
				ASSETCATALOG_COMPILER_GENERATE_SWIFT_ASSET_SYMBOL_EXTENSIONS = YES;
				CLANG_ANALYZER_NONNULL = YES;
				CLANG_ANALYZER_NUMBER_OBJECT_CONVERSION = YES_AGGRESSIVE;
				CLANG_CXX_LANGUAGE_STANDARD = "gnu++20";
				CLANG_ENABLE_MODULES = YES;
				CLANG_ENABLE_OBJC_ARC = YES;
				CLANG_ENABLE_OBJC_WEAK = YES;
				CLANG_WARN_BLOCK_CAPTURE_AUTORELEASING = YES;
				CLANG_WARN_BOOL_CONVERSION = YES;
				CLANG_WARN_COMMA = YES;
				CLANG_WARN_CONSTANT_CONVERSION = YES;
				CLANG_WARN_DEPRECATED_OBJC_IMPLEMENTATIONS = YES;
				CLANG_WARN_DIRECT_OBJC_ISA_USAGE = YES_ERROR;
				CLANG_WARN_DOCUMENTATION_COMMENTS = YES;
				CLANG_WARN_EMPTY_BODY = YES;
				CLANG_WARN_ENUM_CONVERSION = YES;
				CLANG_WARN_INFINITE_RECURSION = YES;
				CLANG_WARN_INT_CONVERSION = YES;
				CLANG_WARN_NON_LITERAL_NULL_CONVERSION = YES;
				CLANG_WARN_OBJC_IMPLICIT_RETAIN_SELF = YES;
				CLANG_WARN_OBJC_LITERAL_CONVERSION = YES;
				CLANG_WARN_OBJC_ROOT_CLASS = YES_ERROR;
				CLANG_WARN_QUOTED_INCLUDE_IN_FRAMEWORK_HEADER = YES;
				CLANG_WARN_RANGE_LOOP_ANALYSIS = YES;
				CLANG_WARN_STRICT_PROTOTYPES = YES;
				CLANG_WARN_SUSPICIOUS_MOVE = YES;
				CLANG_WARN_UNGUARDED_AVAILABILITY = YES_AGGRESSIVE;
				CLANG_WARN_UNREACHABLE_CODE = YES;
				CLANG_WARN__DUPLICATE_METHOD_MATCH = YES;
				COPY_PHASE_STRIP = NO;
				DEBUG_INFORMATION_FORMAT = dwarf;
				ENABLE_STRICT_OBJC_MSGSEND = YES;
				ENABLE_TESTABILITY = YES;
				ENABLE_USER_SCRIPT_SANDBOXING = YES;
				GCC_C_LANGUAGE_STANDARD = gnu17;
				GCC_DYNAMIC_NO_PIC = NO;
				GCC_NO_COMMON_BLOCKS = YES;
				GCC_OPTIMIZATION_LEVEL = 0;
				GCC_PREPROCESSOR_DEFINITIONS = (
					"DEBUG=1",
					"$(inherited)",
				);
				GCC_WARN_64_TO_32_BIT_CONVERSION = YES;
				GCC_WARN_ABOUT_RETURN_TYPE = YES_ERROR;
				GCC_WARN_UNDECLARED_SELECTOR = YES;
				GCC_WARN_UNINITIALIZED_AUTOS = YES_AGGRESSIVE;
				GCC_WARN_UNUSED_FUNCTION = YES;
				GCC_WARN_UNUSED_VARIABLE = YES;
				IPHONEOS_DEPLOYMENT_TARGET = 17.5;
				LOCALIZATION_PREFERS_STRING_CATALOGS = YES;
				MTL_ENABLE_DEBUG_INFO = INCLUDE_SOURCE;
				MTL_FAST_MATH = YES;
				ONLY_ACTIVE_ARCH = YES;
				SDKROOT = iphoneos;
				SWIFT_ACTIVE_COMPILATION_CONDITIONS = "DEBUG $(inherited)";
				SWIFT_OPTIMIZATION_LEVEL = "-Onone";
			};
			name = Debug;
		};
		E6A882562C7D4AEF0027E0B7 /* Release */ = {
			isa = XCBuildConfiguration;
			buildSettings = {
				ALWAYS_SEARCH_USER_PATHS = NO;
				ASSETCATALOG_COMPILER_GENERATE_SWIFT_ASSET_SYMBOL_EXTENSIONS = YES;
				CLANG_ANALYZER_NONNULL = YES;
				CLANG_ANALYZER_NUMBER_OBJECT_CONVERSION = YES_AGGRESSIVE;
				CLANG_CXX_LANGUAGE_STANDARD = "gnu++20";
				CLANG_ENABLE_MODULES = YES;
				CLANG_ENABLE_OBJC_ARC = YES;
				CLANG_ENABLE_OBJC_WEAK = YES;
				CLANG_WARN_BLOCK_CAPTURE_AUTORELEASING = YES;
				CLANG_WARN_BOOL_CONVERSION = YES;
				CLANG_WARN_COMMA = YES;
				CLANG_WARN_CONSTANT_CONVERSION = YES;
				CLANG_WARN_DEPRECATED_OBJC_IMPLEMENTATIONS = YES;
				CLANG_WARN_DIRECT_OBJC_ISA_USAGE = YES_ERROR;
				CLANG_WARN_DOCUMENTATION_COMMENTS = YES;
				CLANG_WARN_EMPTY_BODY = YES;
				CLANG_WARN_ENUM_CONVERSION = YES;
				CLANG_WARN_INFINITE_RECURSION = YES;
				CLANG_WARN_INT_CONVERSION = YES;
				CLANG_WARN_NON_LITERAL_NULL_CONVERSION = YES;
				CLANG_WARN_OBJC_IMPLICIT_RETAIN_SELF = YES;
				CLANG_WARN_OBJC_LITERAL_CONVERSION = YES;
				CLANG_WARN_OBJC_ROOT_CLASS = YES_ERROR;
				CLANG_WARN_QUOTED_INCLUDE_IN_FRAMEWORK_HEADER = YES;
				CLANG_WARN_RANGE_LOOP_ANALYSIS = YES;
				CLANG_WARN_STRICT_PROTOTYPES = YES;
				CLANG_WARN_SUSPICIOUS_MOVE = YES;
				CLANG_WARN_UNGUARDED_AVAILABILITY = YES_AGGRESSIVE;
				CLANG_WARN_UNREACHABLE_CODE = YES;
				CLANG_WARN__DUPLICATE_METHOD_MATCH = YES;
				COPY_PHASE_STRIP = NO;
				DEBUG_INFORMATION_FORMAT = "dwarf-with-dsym";
				ENABLE_NS_ASSERTIONS = NO;
				ENABLE_STRICT_OBJC_MSGSEND = YES;
				ENABLE_USER_SCRIPT_SANDBOXING = YES;
				GCC_C_LANGUAGE_STANDARD = gnu17;
				GCC_NO_COMMON_BLOCKS = YES;
				GCC_WARN_64_TO_32_BIT_CONVERSION = YES;
				GCC_WARN_ABOUT_RETURN_TYPE = YES_ERROR;
				GCC_WARN_UNDECLARED_SELECTOR = YES;
				GCC_WARN_UNINITIALIZED_AUTOS = YES_AGGRESSIVE;
				GCC_WARN_UNUSED_FUNCTION = YES;
				GCC_WARN_UNUSED_VARIABLE = YES;
				IPHONEOS_DEPLOYMENT_TARGET = 17.5;
				LOCALIZATION_PREFERS_STRING_CATALOGS = YES;
				MTL_ENABLE_DEBUG_INFO = NO;
				MTL_FAST_MATH = YES;
				SDKROOT = iphoneos;
				SWIFT_COMPILATION_MODE = wholemodule;
				VALIDATE_PRODUCT = YES;
			};
			name = Release;
		};
		E6A882582C7D4AEF0027E0B7 /* Debug */ = {
			isa = XCBuildConfiguration;
			buildSettings = {
				ASSETCATALOG_COMPILER_APPICON_NAME = AppIcon;
				ASSETCATALOG_COMPILER_GLOBAL_ACCENT_COLOR_NAME = AccentColor;
				CODE_SIGN_STYLE = Automatic;
				CURRENT_PROJECT_VERSION = 1;
				DEVELOPMENT_TEAM = 6NN4CR75QJ;
				GENERATE_INFOPLIST_FILE = YES;
				INFOPLIST_FILE = MovieQuiz/Info.plist;
				INFOPLIST_KEY_UIApplicationSupportsIndirectInputEvents = YES;
				INFOPLIST_KEY_UILaunchStoryboardName = LaunchScreen;
				INFOPLIST_KEY_UIMainStoryboardFile = Main;
				INFOPLIST_KEY_UISupportedInterfaceOrientations = UIInterfaceOrientationPortrait;
				INFOPLIST_KEY_UISupportedInterfaceOrientations_iPad = "UIInterfaceOrientationLandscapeLeft UIInterfaceOrientationLandscapeRight UIInterfaceOrientationPortrait UIInterfaceOrientationPortraitUpsideDown";
				LD_RUNPATH_SEARCH_PATHS = (
					"$(inherited)",
					"@executable_path/Frameworks",
				);
				MARKETING_VERSION = 1.0;
				PRODUCT_BUNDLE_IDENTIFIER = "Eduardo-Frederico.MovieQuiz";
				PRODUCT_NAME = "$(TARGET_NAME)";
				SUPPORTED_PLATFORMS = "iphoneos iphonesimulator";
				SUPPORTS_MACCATALYST = NO;
				SUPPORTS_MAC_DESIGNED_FOR_IPHONE_IPAD = NO;
				SUPPORTS_XR_DESIGNED_FOR_IPHONE_IPAD = NO;
				SWIFT_EMIT_LOC_STRINGS = YES;
				SWIFT_VERSION = 5.0;
				TARGETED_DEVICE_FAMILY = 1;
			};
			name = Debug;
		};
		E6A882592C7D4AEF0027E0B7 /* Release */ = {
			isa = XCBuildConfiguration;
			buildSettings = {
				ASSETCATALOG_COMPILER_APPICON_NAME = AppIcon;
				ASSETCATALOG_COMPILER_GLOBAL_ACCENT_COLOR_NAME = AccentColor;
				CODE_SIGN_STYLE = Automatic;
				CURRENT_PROJECT_VERSION = 1;
				DEVELOPMENT_TEAM = 6NN4CR75QJ;
				GENERATE_INFOPLIST_FILE = YES;
				INFOPLIST_FILE = MovieQuiz/Info.plist;
				INFOPLIST_KEY_UIApplicationSupportsIndirectInputEvents = YES;
				INFOPLIST_KEY_UILaunchStoryboardName = LaunchScreen;
				INFOPLIST_KEY_UIMainStoryboardFile = Main;
				INFOPLIST_KEY_UISupportedInterfaceOrientations = UIInterfaceOrientationPortrait;
				INFOPLIST_KEY_UISupportedInterfaceOrientations_iPad = "UIInterfaceOrientationLandscapeLeft UIInterfaceOrientationLandscapeRight UIInterfaceOrientationPortrait UIInterfaceOrientationPortraitUpsideDown";
				LD_RUNPATH_SEARCH_PATHS = (
					"$(inherited)",
					"@executable_path/Frameworks",
				);
				MARKETING_VERSION = 1.0;
				PRODUCT_BUNDLE_IDENTIFIER = "Eduardo-Frederico.MovieQuiz";
				PRODUCT_NAME = "$(TARGET_NAME)";
				SUPPORTED_PLATFORMS = "iphoneos iphonesimulator";
				SUPPORTS_MACCATALYST = NO;
				SUPPORTS_MAC_DESIGNED_FOR_IPHONE_IPAD = NO;
				SUPPORTS_XR_DESIGNED_FOR_IPHONE_IPAD = NO;
				SWIFT_EMIT_LOC_STRINGS = YES;
				SWIFT_VERSION = 5.0;
				TARGETED_DEVICE_FAMILY = 1;
			};
			name = Release;
		};
/* End XCBuildConfiguration section */

/* Begin XCConfigurationList section */
		E6A8823B2C7D4AED0027E0B7 /* Build configuration list for PBXProject "MovieQuiz" */ = {
			isa = XCConfigurationList;
			buildConfigurations = (
				E6A882552C7D4AEF0027E0B7 /* Debug */,
				E6A882562C7D4AEF0027E0B7 /* Release */,
			);
			defaultConfigurationIsVisible = 0;
			defaultConfigurationName = Release;
		};
		E6A882572C7D4AEF0027E0B7 /* Build configuration list for PBXNativeTarget "MovieQuiz" */ = {
			isa = XCConfigurationList;
			buildConfigurations = (
				E6A882582C7D4AEF0027E0B7 /* Debug */,
				E6A882592C7D4AEF0027E0B7 /* Release */,
			);
			defaultConfigurationIsVisible = 0;
			defaultConfigurationName = Release;
		};
/* End XCConfigurationList section */

/* Begin XCVersionGroup section */
		E6A8824C2C7D4AED0027E0B7 /* MovieQuiz.xcdatamodeld */ = {
			isa = XCVersionGroup;
			children = (
				E6A8824D2C7D4AED0027E0B7 /* MovieQuiz.xcdatamodel */,
			);
			currentVersion = E6A8824D2C7D4AED0027E0B7 /* MovieQuiz.xcdatamodel */;
			path = MovieQuiz.xcdatamodeld;
			sourceTree = "<group>";
			versionGroupType = wrapper.xcdatamodel;
		};
/* End XCVersionGroup section */
	};
	rootObject = E6A882382C7D4AED0027E0B7 /* Project object */;
}
